
Microsoft Visual Studio Solution File, Format Version 12.00
# Visual Studio Version 17
VisualStudioVersion = 17.0.32014.148
MinimumVisualStudioVersion = 10.0.40219.1
Project("{FAE04EC0-301F-11D3-BF4B-00C04F79EFBC}") = "task 3.8", "task 3.8.csproj", "{847205C3-214B-4FB9-A7F2-EC6120B61055}"
EndProject
Global
	GlobalSection(SolutionConfigurationPlatforms) = preSolution
		Debug|Any CPU = Debug|Any CPU
		Release|Any CPU = Release|Any CPU
	EndGlobalSection
	GlobalSection(ProjectConfigurationPlatforms) = postSolution
		{847205C3-214B-4FB9-A7F2-EC6120B61055}.Debug|Any CPU.ActiveCfg = Debug|Any CPU
		{847205C3-214B-4FB9-A7F2-EC6120B61055}.Debug|Any CPU.Build.0 = Debug|Any CPU
		{847205C3-214B-4FB9-A7F2-EC6120B61055}.Release|Any CPU.ActiveCfg = Release|Any CPU
		{847205C3-214B-4FB9-A7F2-EC6120B61055}.Release|Any CPU.Build.0 = Release|Any CPU
	EndGlobalSection
	GlobalSection(SolutionProperties) = preSolution
		HideSolutionNode = FALSE
	EndGlobalSection
	GlobalSection(ExtensibilityGlobals) = postSolution
		SolutionGuid = {7E7E6593-1B12-41C8-BD85-CD1C8730D932}
	EndGlobalSection
EndGlobal
