
Microsoft Visual Studio Solution File, Format Version 12.00
# Visual Studio Version 17
VisualStudioVersion = 17.0.32014.148
MinimumVisualStudioVersion = 10.0.40219.1
Project("{FAE04EC0-301F-11D3-BF4B-00C04F79EFBC}") = "task3.1", "task3.1.csproj", "{7C47B36C-417D-47EF-9F2E-6B9D54CBA1CF}"
EndProject
Global
	GlobalSection(SolutionConfigurationPlatforms) = preSolution
		Debug|Any CPU = Debug|Any CPU
		Release|Any CPU = Release|Any CPU
	EndGlobalSection
	GlobalSection(ProjectConfigurationPlatforms) = postSolution
		{7C47B36C-417D-47EF-9F2E-6B9D54CBA1CF}.Debug|Any CPU.ActiveCfg = Debug|Any CPU
		{7C47B36C-417D-47EF-9F2E-6B9D54CBA1CF}.Debug|Any CPU.Build.0 = Debug|Any CPU
		{7C47B36C-417D-47EF-9F2E-6B9D54CBA1CF}.Release|Any CPU.ActiveCfg = Release|Any CPU
		{7C47B36C-417D-47EF-9F2E-6B9D54CBA1CF}.Release|Any CPU.Build.0 = Release|Any CPU
	EndGlobalSection
	GlobalSection(SolutionProperties) = preSolution
		HideSolutionNode = FALSE
	EndGlobalSection
	GlobalSection(ExtensibilityGlobals) = postSolution
		SolutionGuid = {0D1BA713-4E50-4638-B54C-709A3F5D890E}
	EndGlobalSection
EndGlobal
