
Microsoft Visual Studio Solution File, Format Version 12.00
# Visual Studio Version 17
VisualStudioVersion = 17.0.32014.148
MinimumVisualStudioVersion = 10.0.40219.1
Project("{FAE04EC0-301F-11D3-BF4B-00C04F79EFBC}") = "task 3.13", "task 3.13.csproj", "{4C91B10B-5274-475C-870C-F935CEBAB556}"
EndProject
Global
	GlobalSection(SolutionConfigurationPlatforms) = preSolution
		Debug|Any CPU = Debug|Any CPU
		Release|Any CPU = Release|Any CPU
	EndGlobalSection
	GlobalSection(ProjectConfigurationPlatforms) = postSolution
		{4C91B10B-5274-475C-870C-F935CEBAB556}.Debug|Any CPU.ActiveCfg = Debug|Any CPU
		{4C91B10B-5274-475C-870C-F935CEBAB556}.Debug|Any CPU.Build.0 = Debug|Any CPU
		{4C91B10B-5274-475C-870C-F935CEBAB556}.Release|Any CPU.ActiveCfg = Release|Any CPU
		{4C91B10B-5274-475C-870C-F935CEBAB556}.Release|Any CPU.Build.0 = Release|Any CPU
	EndGlobalSection
	GlobalSection(SolutionProperties) = preSolution
		HideSolutionNode = FALSE
	EndGlobalSection
	GlobalSection(ExtensibilityGlobals) = postSolution
		SolutionGuid = {21518BDA-7B23-4D45-8ADF-B787EA07BDB7}
	EndGlobalSection
EndGlobal
